
Microsoft Visual Studio Solution File, Format Version 12.00
# Visual Studio Version 17
VisualStudioVersion = 17.3.32804.467
MinimumVisualStudioVersion = 10.0.40219.1
Project("{FAE04EC0-301F-11D3-BF4B-00C04F79EFBC}") = "HandsonSep9", "HandsonSep9\HandsonSep9.csproj", "{D0599493-0254-4824-B182-DA2BF879EEB9}"
	ProjectSection(ProjectDependencies) = postProject
		{89632E2B-2316-4A02-84E2-F153EC81C25D} = {89632E2B-2316-4A02-84E2-F153EC81C25D}
	EndProjectSection
EndProject
Project("{FAE04EC0-301F-11D3-BF4B-00C04F79EFBC}") = "Library", "Library\Library.csproj", "{89632E2B-2316-4A02-84E2-F153EC81C25D}"
EndProject
Global
	GlobalSection(SolutionConfigurationPlatforms) = preSolution
		Debug|Any CPU = Debug|Any CPU
		Release|Any CPU = Release|Any CPU
	EndGlobalSection
	GlobalSection(ProjectConfigurationPlatforms) = postSolution
		{D0599493-0254-4824-B182-DA2BF879EEB9}.Debug|Any CPU.ActiveCfg = Debug|Any CPU
		{D0599493-0254-4824-B182-DA2BF879EEB9}.Debug|Any CPU.Build.0 = Debug|Any CPU
		{D0599493-0254-4824-B182-DA2BF879EEB9}.Release|Any CPU.ActiveCfg = Release|Any CPU
		{D0599493-0254-4824-B182-DA2BF879EEB9}.Release|Any CPU.Build.0 = Release|Any CPU
		{89632E2B-2316-4A02-84E2-F153EC81C25D}.Debug|Any CPU.ActiveCfg = Debug|Any CPU
		{89632E2B-2316-4A02-84E2-F153EC81C25D}.Debug|Any CPU.Build.0 = Debug|Any CPU
		{89632E2B-2316-4A02-84E2-F153EC81C25D}.Release|Any CPU.ActiveCfg = Release|Any CPU
		{89632E2B-2316-4A02-84E2-F153EC81C25D}.Release|Any CPU.Build.0 = Release|Any CPU
	EndGlobalSection
	GlobalSection(SolutionProperties) = preSolution
		HideSolutionNode = FALSE
	EndGlobalSection
	GlobalSection(ExtensibilityGlobals) = postSolution
		SolutionGuid = {F48EBF74-5FBF-49FF-B986-59D5572A7E79}
	EndGlobalSection
EndGlobal
