
Microsoft Visual Studio Solution File, Format Version 12.00
# Visual Studio Version 17
VisualStudioVersion = 17.3.32804.467
MinimumVisualStudioVersion = 10.0.40219.1
Project("{FAE04EC0-301F-11D3-BF4B-00C04F79EFBC}") = "HandsonSep1", "HandsonSep1\HandsonSep1.csproj", "{CD8F310A-B3D3-4D6D-8FA6-64C6A243D8E7}"
EndProject
Global
	GlobalSection(SolutionConfigurationPlatforms) = preSolution
		Debug|Any CPU = Debug|Any CPU
		Release|Any CPU = Release|Any CPU
	EndGlobalSection
	GlobalSection(ProjectConfigurationPlatforms) = postSolution
		{CD8F310A-B3D3-4D6D-8FA6-64C6A243D8E7}.Debug|Any CPU.ActiveCfg = Debug|Any CPU
		{CD8F310A-B3D3-4D6D-8FA6-64C6A243D8E7}.Debug|Any CPU.Build.0 = Debug|Any CPU
		{CD8F310A-B3D3-4D6D-8FA6-64C6A243D8E7}.Release|Any CPU.ActiveCfg = Release|Any CPU
		{CD8F310A-B3D3-4D6D-8FA6-64C6A243D8E7}.Release|Any CPU.Build.0 = Release|Any CPU
	EndGlobalSection
	GlobalSection(SolutionProperties) = preSolution
		HideSolutionNode = FALSE
	EndGlobalSection
	GlobalSection(ExtensibilityGlobals) = postSolution
		SolutionGuid = {0D1E2005-1BEC-4DB5-8B15-C418FDF02243}
	EndGlobalSection
EndGlobal
