
Microsoft Visual Studio Solution File, Format Version 12.00
# Visual Studio Version 17
VisualStudioVersion = 17.3.32804.467
MinimumVisualStudioVersion = 10.0.40219.1
Project("{FAE04EC0-301F-11D3-BF4B-00C04F79EFBC}") = "HandsonSep12", "HandsonSep12\HandsonSep12.csproj", "{E35F9B09-99C2-4A34-8EA8-3AADE27DFB93}"
	ProjectSection(ProjectDependencies) = postProject
		{7ED2899D-5EB6-4FEF-A9A6-973F94F8FF14} = {7ED2899D-5EB6-4FEF-A9A6-973F94F8FF14}
	EndProjectSection
EndProject
Project("{FAE04EC0-301F-11D3-BF4B-00C04F79EFBC}") = "Library1", "Library1\Library1.csproj", "{7ED2899D-5EB6-4FEF-A9A6-973F94F8FF14}"
EndProject
Global
	GlobalSection(SolutionConfigurationPlatforms) = preSolution
		Debug|Any CPU = Debug|Any CPU
		Release|Any CPU = Release|Any CPU
	EndGlobalSection
	GlobalSection(ProjectConfigurationPlatforms) = postSolution
		{E35F9B09-99C2-4A34-8EA8-3AADE27DFB93}.Debug|Any CPU.ActiveCfg = Debug|Any CPU
		{E35F9B09-99C2-4A34-8EA8-3AADE27DFB93}.Debug|Any CPU.Build.0 = Debug|Any CPU
		{E35F9B09-99C2-4A34-8EA8-3AADE27DFB93}.Release|Any CPU.ActiveCfg = Release|Any CPU
		{E35F9B09-99C2-4A34-8EA8-3AADE27DFB93}.Release|Any CPU.Build.0 = Release|Any CPU
		{7ED2899D-5EB6-4FEF-A9A6-973F94F8FF14}.Debug|Any CPU.ActiveCfg = Debug|Any CPU
		{7ED2899D-5EB6-4FEF-A9A6-973F94F8FF14}.Debug|Any CPU.Build.0 = Debug|Any CPU
		{7ED2899D-5EB6-4FEF-A9A6-973F94F8FF14}.Release|Any CPU.ActiveCfg = Release|Any CPU
		{7ED2899D-5EB6-4FEF-A9A6-973F94F8FF14}.Release|Any CPU.Build.0 = Release|Any CPU
	EndGlobalSection
	GlobalSection(SolutionProperties) = preSolution
		HideSolutionNode = FALSE
	EndGlobalSection
	GlobalSection(ExtensibilityGlobals) = postSolution
		SolutionGuid = {6C3AF744-40CC-42D3-9D85-36F02132BA6D}
	EndGlobalSection
EndGlobal
