
Microsoft Visual Studio Solution File, Format Version 12.00
# Visual Studio Version 17
VisualStudioVersion = 17.3.32804.467
MinimumVisualStudioVersion = 10.0.40219.1
Project("{FAE04EC0-301F-11D3-BF4B-00C04F79EFBC}") = "Assignments", "assignment3\Assignments.csproj", "{15944D7F-400B-4063-B9B0-9E607446A770}"
EndProject
Global
	GlobalSection(SolutionConfigurationPlatforms) = preSolution
		Debug|Any CPU = Debug|Any CPU
		Release|Any CPU = Release|Any CPU
	EndGlobalSection
	GlobalSection(ProjectConfigurationPlatforms) = postSolution
		{15944D7F-400B-4063-B9B0-9E607446A770}.Debug|Any CPU.ActiveCfg = Debug|Any CPU
		{15944D7F-400B-4063-B9B0-9E607446A770}.Debug|Any CPU.Build.0 = Debug|Any CPU
		{15944D7F-400B-4063-B9B0-9E607446A770}.Release|Any CPU.ActiveCfg = Release|Any CPU
		{15944D7F-400B-4063-B9B0-9E607446A770}.Release|Any CPU.Build.0 = Release|Any CPU
	EndGlobalSection
	GlobalSection(SolutionProperties) = preSolution
		HideSolutionNode = FALSE
	EndGlobalSection
	GlobalSection(ExtensibilityGlobals) = postSolution
		SolutionGuid = {B9EFA74D-015E-4023-8CB5-0B6C2743602D}
	EndGlobalSection
EndGlobal
