
Microsoft Visual Studio Solution File, Format Version 12.00
# Visual Studio Version 17
VisualStudioVersion = 17.3.32804.467
MinimumVisualStudioVersion = 10.0.40219.1
Project("{FAE04EC0-301F-11D3-BF4B-00C04F79EFBC}") = "HandsonSep2", "HandsonSep2\HandsonSep2.csproj", "{148CE82C-216C-4187-8818-5E3B4A140620}"
	ProjectSection(ProjectDependencies) = postProject
		{5BF046BB-1711-4189-AE30-D6C1C668CF0F} = {5BF046BB-1711-4189-AE30-D6C1C668CF0F}
	EndProjectSection
EndProject
Project("{FAE04EC0-301F-11D3-BF4B-00C04F79EFBC}") = "Library1", "Library1\Library1.csproj", "{5BF046BB-1711-4189-AE30-D6C1C668CF0F}"
EndProject
Global
	GlobalSection(SolutionConfigurationPlatforms) = preSolution
		Debug|Any CPU = Debug|Any CPU
		Release|Any CPU = Release|Any CPU
	EndGlobalSection
	GlobalSection(ProjectConfigurationPlatforms) = postSolution
		{148CE82C-216C-4187-8818-5E3B4A140620}.Debug|Any CPU.ActiveCfg = Debug|Any CPU
		{148CE82C-216C-4187-8818-5E3B4A140620}.Debug|Any CPU.Build.0 = Debug|Any CPU
		{148CE82C-216C-4187-8818-5E3B4A140620}.Release|Any CPU.ActiveCfg = Release|Any CPU
		{148CE82C-216C-4187-8818-5E3B4A140620}.Release|Any CPU.Build.0 = Release|Any CPU
		{5BF046BB-1711-4189-AE30-D6C1C668CF0F}.Debug|Any CPU.ActiveCfg = Debug|Any CPU
		{5BF046BB-1711-4189-AE30-D6C1C668CF0F}.Debug|Any CPU.Build.0 = Debug|Any CPU
		{5BF046BB-1711-4189-AE30-D6C1C668CF0F}.Release|Any CPU.ActiveCfg = Release|Any CPU
		{5BF046BB-1711-4189-AE30-D6C1C668CF0F}.Release|Any CPU.Build.0 = Release|Any CPU
	EndGlobalSection
	GlobalSection(SolutionProperties) = preSolution
		HideSolutionNode = FALSE
	EndGlobalSection
	GlobalSection(ExtensibilityGlobals) = postSolution
		SolutionGuid = {30797242-EBB6-47FD-967A-7A2DCAF82D72}
	EndGlobalSection
EndGlobal
