
Microsoft Visual Studio Solution File, Format Version 12.00
# Visual Studio Version 17
VisualStudioVersion = 17.3.32804.467
MinimumVisualStudioVersion = 10.0.40219.1
Project("{FAE04EC0-301F-11D3-BF4B-00C04F79EFBC}") = "Aug25", "Aug25\Aug25.csproj", "{8FE963A2-E3ED-445A-A76B-66A38509377D}"
EndProject
Global
	GlobalSection(SolutionConfigurationPlatforms) = preSolution
		Debug|Any CPU = Debug|Any CPU
		Release|Any CPU = Release|Any CPU
	EndGlobalSection
	GlobalSection(ProjectConfigurationPlatforms) = postSolution
		{8FE963A2-E3ED-445A-A76B-66A38509377D}.Debug|Any CPU.ActiveCfg = Debug|Any CPU
		{8FE963A2-E3ED-445A-A76B-66A38509377D}.Debug|Any CPU.Build.0 = Debug|Any CPU
		{8FE963A2-E3ED-445A-A76B-66A38509377D}.Release|Any CPU.ActiveCfg = Release|Any CPU
		{8FE963A2-E3ED-445A-A76B-66A38509377D}.Release|Any CPU.Build.0 = Release|Any CPU
	EndGlobalSection
	GlobalSection(SolutionProperties) = preSolution
		HideSolutionNode = FALSE
	EndGlobalSection
	GlobalSection(ExtensibilityGlobals) = postSolution
		SolutionGuid = {662E4E76-7025-4FBB-8427-AC16F52A23C4}
	EndGlobalSection
EndGlobal
